// !$*UTF8*$!
{
	archiveVersion = 1;
	classes = {
	};
	objectVersion = 50;
	objects = {

/* Begin PBXBuildFile section */
		2527E9759E5C209ADD96B2A3 /* Pods_qrpay.framework in Frameworks */ = {isa = PBXBuildFile; fileRef = 351E47D9F9296BFBDE7D8550 /* Pods_qrpay.framework */; };
		39280F7321CCC513008175E5 /* QRViewController.swift in Sources */ = {isa = PBXBuildFile; fileRef = 39280F7221CCC513008175E5 /* QRViewController.swift */; };
		392C381821CD008E009765F2 /* User_Credentials.swift in Sources */ = {isa = PBXBuildFile; fileRef = 392C381721CD008E009765F2 /* User_Credentials.swift */; };
		395ED47821CA3A1F00386C24 /* AppDelegate.swift in Sources */ = {isa = PBXBuildFile; fileRef = 395ED47721CA3A1F00386C24 /* AppDelegate.swift */; };
		395ED47A21CA3A1F00386C24 /* ViewController.swift in Sources */ = {isa = PBXBuildFile; fileRef = 395ED47921CA3A1F00386C24 /* ViewController.swift */; };
		395ED47D21CA3A1F00386C24 /* Main.storyboard in Resources */ = {isa = PBXBuildFile; fileRef = 395ED47B21CA3A1F00386C24 /* Main.storyboard */; };
		395ED47F21CA3A2200386C24 /* Assets.xcassets in Resources */ = {isa = PBXBuildFile; fileRef = 395ED47E21CA3A2200386C24 /* Assets.xcassets */; };
		395ED48221CA3A2200386C24 /* LaunchScreen.storyboard in Resources */ = {isa = PBXBuildFile; fileRef = 395ED48021CA3A2200386C24 /* LaunchScreen.storyboard */; };
		395ED48D21CA3A2200386C24 /* qrpayTests.swift in Sources */ = {isa = PBXBuildFile; fileRef = 395ED48C21CA3A2200386C24 /* qrpayTests.swift */; };
		395ED49821CA3A2200386C24 /* qrpayUITests.swift in Sources */ = {isa = PBXBuildFile; fileRef = 395ED49721CA3A2200386C24 /* qrpayUITests.swift */; };
		395ED4A621CA3A6A00386C24 /* LoginViewController.swift in Sources */ = {isa = PBXBuildFile; fileRef = 395ED4A521CA3A6A00386C24 /* LoginViewController.swift */; };
		399528E221D21857008CF805 /* User_Order_Info.swift in Sources */ = {isa = PBXBuildFile; fileRef = 399528E121D21857008CF805 /* User_Order_Info.swift */; };
		399528E421D222E8008CF805 /* SignUpViewController.swift in Sources */ = {isa = PBXBuildFile; fileRef = 399528E321D222E8008CF805 /* SignUpViewController.swift */; };
		8640B76B39503908A6B66785 /* Pods_qrpayUITests.framework in Frameworks */ = {isa = PBXBuildFile; fileRef = 497A67D11E67CAF1E774B307 /* Pods_qrpayUITests.framework */; };
		D7E702BE743F2EB80D80F095 /* Pods_qrpayTests.framework in Frameworks */ = {isa = PBXBuildFile; fileRef = B8BF82BFC725AD8A5686290E /* Pods_qrpayTests.framework */; };
/* End PBXBuildFile section */

/* Begin PBXContainerItemProxy section */
		395ED48921CA3A2200386C24 /* PBXContainerItemProxy */ = {
			isa = PBXContainerItemProxy;
			containerPortal = 395ED46C21CA3A1F00386C24 /* Project object */;
			proxyType = 1;
			remoteGlobalIDString = 395ED47321CA3A1F00386C24;
			remoteInfo = qrpay;
		};
		395ED49421CA3A2200386C24 /* PBXContainerItemProxy */ = {
			isa = PBXContainerItemProxy;
			containerPortal = 395ED46C21CA3A1F00386C24 /* Project object */;
			proxyType = 1;
			remoteGlobalIDString = 395ED47321CA3A1F00386C24;
			remoteInfo = qrpay;
		};
/* End PBXContainerItemProxy section */

/* Begin PBXFileReference section */
		24A427AD7E28F5E62536B2CA /* Pods-qrpayUITests.debug.xcconfig */ = {isa = PBXFileReference; includeInIndex = 1; lastKnownFileType = text.xcconfig; name = "Pods-qrpayUITests.debug.xcconfig"; path = "Pods/Target Support Files/Pods-qrpayUITests/Pods-qrpayUITests.debug.xcconfig"; sourceTree = "<group>"; };
		277B4BFD034BE583A5E5BC20 /* Pods-qrpayUITests.release.xcconfig */ = {isa = PBXFileReference; includeInIndex = 1; lastKnownFileType = text.xcconfig; name = "Pods-qrpayUITests.release.xcconfig"; path = "Pods/Target Support Files/Pods-qrpayUITests/Pods-qrpayUITests.release.xcconfig"; sourceTree = "<group>"; };
		351E47D9F9296BFBDE7D8550 /* Pods_qrpay.framework */ = {isa = PBXFileReference; explicitFileType = wrapper.framework; includeInIndex = 0; path = Pods_qrpay.framework; sourceTree = BUILT_PRODUCTS_DIR; };
		39280F7221CCC513008175E5 /* QRViewController.swift */ = {isa = PBXFileReference; lastKnownFileType = sourcecode.swift; path = QRViewController.swift; sourceTree = "<group>"; };
		392C381721CD008E009765F2 /* User_Credentials.swift */ = {isa = PBXFileReference; lastKnownFileType = sourcecode.swift; path = User_Credentials.swift; sourceTree = "<group>"; };
		395ED47421CA3A1F00386C24 /* qrpay.app */ = {isa = PBXFileReference; explicitFileType = wrapper.application; includeInIndex = 0; path = qrpay.app; sourceTree = BUILT_PRODUCTS_DIR; };
		395ED47721CA3A1F00386C24 /* AppDelegate.swift */ = {isa = PBXFileReference; lastKnownFileType = sourcecode.swift; path = AppDelegate.swift; sourceTree = "<group>"; };
		395ED47921CA3A1F00386C24 /* ViewController.swift */ = {isa = PBXFileReference; lastKnownFileType = sourcecode.swift; path = ViewController.swift; sourceTree = "<group>"; };
		395ED47C21CA3A1F00386C24 /* Base */ = {isa = PBXFileReference; lastKnownFileType = file.storyboard; name = Base; path = Base.lproj/Main.storyboard; sourceTree = "<group>"; };
		395ED47E21CA3A2200386C24 /* Assets.xcassets */ = {isa = PBXFileReference; lastKnownFileType = folder.assetcatalog; path = Assets.xcassets; sourceTree = "<group>"; };
		395ED48121CA3A2200386C24 /* Base */ = {isa = PBXFileReference; lastKnownFileType = file.storyboard; name = Base; path = Base.lproj/LaunchScreen.storyboard; sourceTree = "<group>"; };
		395ED48321CA3A2200386C24 /* Info.plist */ = {isa = PBXFileReference; lastKnownFileType = text.plist.xml; path = Info.plist; sourceTree = "<group>"; };
		395ED48821CA3A2200386C24 /* qrpayTests.xctest */ = {isa = PBXFileReference; explicitFileType = wrapper.cfbundle; includeInIndex = 0; path = qrpayTests.xctest; sourceTree = BUILT_PRODUCTS_DIR; };
		395ED48C21CA3A2200386C24 /* qrpayTests.swift */ = {isa = PBXFileReference; lastKnownFileType = sourcecode.swift; path = qrpayTests.swift; sourceTree = "<group>"; };
		395ED48E21CA3A2200386C24 /* Info.plist */ = {isa = PBXFileReference; lastKnownFileType = text.plist.xml; path = Info.plist; sourceTree = "<group>"; };
		395ED49321CA3A2200386C24 /* qrpayUITests.xctest */ = {isa = PBXFileReference; explicitFileType = wrapper.cfbundle; includeInIndex = 0; path = qrpayUITests.xctest; sourceTree = BUILT_PRODUCTS_DIR; };
		395ED49721CA3A2200386C24 /* qrpayUITests.swift */ = {isa = PBXFileReference; lastKnownFileType = sourcecode.swift; path = qrpayUITests.swift; sourceTree = "<group>"; };
		395ED49921CA3A2200386C24 /* Info.plist */ = {isa = PBXFileReference; lastKnownFileType = text.plist.xml; path = Info.plist; sourceTree = "<group>"; };
		395ED4A521CA3A6A00386C24 /* LoginViewController.swift */ = {isa = PBXFileReference; lastKnownFileType = sourcecode.swift; path = LoginViewController.swift; sourceTree = "<group>"; };
		399528E121D21857008CF805 /* User_Order_Info.swift */ = {isa = PBXFileReference; lastKnownFileType = sourcecode.swift; path = User_Order_Info.swift; sourceTree = "<group>"; };
		399528E321D222E8008CF805 /* SignUpViewController.swift */ = {isa = PBXFileReference; lastKnownFileType = sourcecode.swift; path = SignUpViewController.swift; sourceTree = "<group>"; };
		495AA411E5F4654E93FFC729 /* Pods-qrpayTests.debug.xcconfig */ = {isa = PBXFileReference; includeInIndex = 1; lastKnownFileType = text.xcconfig; name = "Pods-qrpayTests.debug.xcconfig"; path = "Pods/Target Support Files/Pods-qrpayTests/Pods-qrpayTests.debug.xcconfig"; sourceTree = "<group>"; };
		497A67D11E67CAF1E774B307 /* Pods_qrpayUITests.framework */ = {isa = PBXFileReference; explicitFileType = wrapper.framework; includeInIndex = 0; path = Pods_qrpayUITests.framework; sourceTree = BUILT_PRODUCTS_DIR; };
		52169E09EF21CF7DC57A5804 /* Pods-qrpayTests.release.xcconfig */ = {isa = PBXFileReference; includeInIndex = 1; lastKnownFileType = text.xcconfig; name = "Pods-qrpayTests.release.xcconfig"; path = "Pods/Target Support Files/Pods-qrpayTests/Pods-qrpayTests.release.xcconfig"; sourceTree = "<group>"; };
		9FE8FED6B18D92A48B0FEB51 /* Pods-qrpay.debug.xcconfig */ = {isa = PBXFileReference; includeInIndex = 1; lastKnownFileType = text.xcconfig; name = "Pods-qrpay.debug.xcconfig"; path = "Pods/Target Support Files/Pods-qrpay/Pods-qrpay.debug.xcconfig"; sourceTree = "<group>"; };
		B8BF82BFC725AD8A5686290E /* Pods_qrpayTests.framework */ = {isa = PBXFileReference; explicitFileType = wrapper.framework; includeInIndex = 0; path = Pods_qrpayTests.framework; sourceTree = BUILT_PRODUCTS_DIR; };
		F902B4C133E430290AA25B5B /* Pods-qrpay.release.xcconfig */ = {isa = PBXFileReference; includeInIndex = 1; lastKnownFileType = text.xcconfig; name = "Pods-qrpay.release.xcconfig"; path = "Pods/Target Support Files/Pods-qrpay/Pods-qrpay.release.xcconfig"; sourceTree = "<group>"; };
/* End PBXFileReference section */

/* Begin PBXFrameworksBuildPhase section */
		395ED47121CA3A1F00386C24 /* Frameworks */ = {
			isa = PBXFrameworksBuildPhase;
			buildActionMask = 2147483647;
			files = (
				2527E9759E5C209ADD96B2A3 /* Pods_qrpay.framework in Frameworks */,
			);
			runOnlyForDeploymentPostprocessing = 0;
		};
		395ED48521CA3A2200386C24 /* Frameworks */ = {
			isa = PBXFrameworksBuildPhase;
			buildActionMask = 2147483647;
			files = (
				D7E702BE743F2EB80D80F095 /* Pods_qrpayTests.framework in Frameworks */,
			);
			runOnlyForDeploymentPostprocessing = 0;
		};
		395ED49021CA3A2200386C24 /* Frameworks */ = {
			isa = PBXFrameworksBuildPhase;
			buildActionMask = 2147483647;
			files = (
				8640B76B39503908A6B66785 /* Pods_qrpayUITests.framework in Frameworks */,
			);
			runOnlyForDeploymentPostprocessing = 0;
		};
/* End PBXFrameworksBuildPhase section */

/* Begin PBXGroup section */
		3420862EF417E9566F6D5C7A /* Pods */ = {
			isa = PBXGroup;
			children = (
				9FE8FED6B18D92A48B0FEB51 /* Pods-qrpay.debug.xcconfig */,
				F902B4C133E430290AA25B5B /* Pods-qrpay.release.xcconfig */,
				495AA411E5F4654E93FFC729 /* Pods-qrpayTests.debug.xcconfig */,
				52169E09EF21CF7DC57A5804 /* Pods-qrpayTests.release.xcconfig */,
				24A427AD7E28F5E62536B2CA /* Pods-qrpayUITests.debug.xcconfig */,
				277B4BFD034BE583A5E5BC20 /* Pods-qrpayUITests.release.xcconfig */,
			);
			name = Pods;
			sourceTree = "<group>";
		};
		395ED46B21CA3A1F00386C24 = {
			isa = PBXGroup;
			children = (
				395ED47621CA3A1F00386C24 /* qrpay */,
				395ED48B21CA3A2200386C24 /* qrpayTests */,
				395ED49621CA3A2200386C24 /* qrpayUITests */,
				395ED47521CA3A1F00386C24 /* Products */,
				3420862EF417E9566F6D5C7A /* Pods */,
				B88AF3B668EE01E0D1C4A1F8 /* Frameworks */,
			);
			sourceTree = "<group>";
		};
		395ED47521CA3A1F00386C24 /* Products */ = {
			isa = PBXGroup;
			children = (
				395ED47421CA3A1F00386C24 /* qrpay.app */,
				395ED48821CA3A2200386C24 /* qrpayTests.xctest */,
				395ED49321CA3A2200386C24 /* qrpayUITests.xctest */,
			);
			name = Products;
			sourceTree = "<group>";
		};
		395ED47621CA3A1F00386C24 /* qrpay */ = {
			isa = PBXGroup;
			children = (
				399528E321D222E8008CF805 /* SignUpViewController.swift */,
				392C381721CD008E009765F2 /* User_Credentials.swift */,
				399528E121D21857008CF805 /* User_Order_Info.swift */,
				39280F7221CCC513008175E5 /* QRViewController.swift */,
				395ED4A521CA3A6A00386C24 /* LoginViewController.swift */,
				395ED47721CA3A1F00386C24 /* AppDelegate.swift */,
				395ED47921CA3A1F00386C24 /* ViewController.swift */,
				395ED47B21CA3A1F00386C24 /* Main.storyboard */,
				395ED47E21CA3A2200386C24 /* Assets.xcassets */,
				395ED48021CA3A2200386C24 /* LaunchScreen.storyboard */,
				395ED48321CA3A2200386C24 /* Info.plist */,
			);
			path = qrpay;
			sourceTree = "<group>";
		};
		395ED48B21CA3A2200386C24 /* qrpayTests */ = {
			isa = PBXGroup;
			children = (
				395ED48C21CA3A2200386C24 /* qrpayTests.swift */,
				395ED48E21CA3A2200386C24 /* Info.plist */,
			);
			path = qrpayTests;
			sourceTree = "<group>";
		};
		395ED49621CA3A2200386C24 /* qrpayUITests */ = {
			isa = PBXGroup;
			children = (
				395ED49721CA3A2200386C24 /* qrpayUITests.swift */,
				395ED49921CA3A2200386C24 /* Info.plist */,
			);
			path = qrpayUITests;
			sourceTree = "<group>";
		};
		B88AF3B668EE01E0D1C4A1F8 /* Frameworks */ = {
			isa = PBXGroup;
			children = (
				351E47D9F9296BFBDE7D8550 /* Pods_qrpay.framework */,
				B8BF82BFC725AD8A5686290E /* Pods_qrpayTests.framework */,
				497A67D11E67CAF1E774B307 /* Pods_qrpayUITests.framework */,
			);
			name = Frameworks;
			sourceTree = "<group>";
		};
/* End PBXGroup section */

/* Begin PBXNativeTarget section */
		395ED47321CA3A1F00386C24 /* qrpay */ = {
			isa = PBXNativeTarget;
			buildConfigurationList = 395ED49C21CA3A2200386C24 /* Build configuration list for PBXNativeTarget "qrpay" */;
			buildPhases = (
				35D92E484A73F014B186ADEC /* [CP] Check Pods Manifest.lock */,
				395ED47021CA3A1F00386C24 /* Sources */,
				395ED47121CA3A1F00386C24 /* Frameworks */,
				395ED47221CA3A1F00386C24 /* Resources */,
				B49FDAAB10D848F1976F7CC9 /* [CP] Embed Pods Frameworks */,
			);
			buildRules = (
			);
			dependencies = (
			);
			name = qrpay;
			productName = qrpay;
			productReference = 395ED47421CA3A1F00386C24 /* qrpay.app */;
			productType = "com.apple.product-type.application";
		};
		395ED48721CA3A2200386C24 /* qrpayTests */ = {
			isa = PBXNativeTarget;
			buildConfigurationList = 395ED49F21CA3A2200386C24 /* Build configuration list for PBXNativeTarget "qrpayTests" */;
			buildPhases = (
				E437824169492F4E91D20724 /* [CP] Check Pods Manifest.lock */,
				395ED48421CA3A2200386C24 /* Sources */,
				395ED48521CA3A2200386C24 /* Frameworks */,
				395ED48621CA3A2200386C24 /* Resources */,
			);
			buildRules = (
			);
			dependencies = (
				395ED48A21CA3A2200386C24 /* PBXTargetDependency */,
			);
			name = qrpayTests;
			productName = qrpayTests;
			productReference = 395ED48821CA3A2200386C24 /* qrpayTests.xctest */;
			productType = "com.apple.product-type.bundle.unit-test";
		};
		395ED49221CA3A2200386C24 /* qrpayUITests */ = {
			isa = PBXNativeTarget;
			buildConfigurationList = 395ED4A221CA3A2200386C24 /* Build configuration list for PBXNativeTarget "qrpayUITests" */;
			buildPhases = (
				DB3C49A0C8541FF2E9870FE1 /* [CP] Check Pods Manifest.lock */,
				395ED48F21CA3A2200386C24 /* Sources */,
				395ED49021CA3A2200386C24 /* Frameworks */,
				395ED49121CA3A2200386C24 /* Resources */,
			);
			buildRules = (
			);
			dependencies = (
				395ED49521CA3A2200386C24 /* PBXTargetDependency */,
			);
			name = qrpayUITests;
			productName = qrpayUITests;
			productReference = 395ED49321CA3A2200386C24 /* qrpayUITests.xctest */;
			productType = "com.apple.product-type.bundle.ui-testing";
		};
/* End PBXNativeTarget section */

/* Begin PBXProject section */
		395ED46C21CA3A1F00386C24 /* Project object */ = {
			isa = PBXProject;
			attributes = {
				LastSwiftUpdateCheck = 0940;
				LastUpgradeCheck = 0940;
				ORGANIZATIONNAME = imac1;
				TargetAttributes = {
					395ED47321CA3A1F00386C24 = {
						CreatedOnToolsVersion = 9.4.1;
					};
					395ED48721CA3A2200386C24 = {
						CreatedOnToolsVersion = 9.4.1;
						TestTargetID = 395ED47321CA3A1F00386C24;
					};
					395ED49221CA3A2200386C24 = {
						CreatedOnToolsVersion = 9.4.1;
						TestTargetID = 395ED47321CA3A1F00386C24;
					};
				};
			};
			buildConfigurationList = 395ED46F21CA3A1F00386C24 /* Build configuration list for PBXProject "qrpay" */;
			compatibilityVersion = "Xcode 9.3";
			developmentRegion = en;
			hasScannedForEncodings = 0;
			knownRegions = (
				en,
				Base,
			);
			mainGroup = 395ED46B21CA3A1F00386C24;
			productRefGroup = 395ED47521CA3A1F00386C24 /* Products */;
			projectDirPath = "";
			projectRoot = "";
			targets = (
				395ED47321CA3A1F00386C24 /* qrpay */,
				395ED48721CA3A2200386C24 /* qrpayTests */,
				395ED49221CA3A2200386C24 /* qrpayUITests */,
			);
		};
/* End PBXProject section */

/* Begin PBXResourcesBuildPhase section */
		395ED47221CA3A1F00386C24 /* Resources */ = {
			isa = PBXResourcesBuildPhase;
			buildActionMask = 2147483647;
			files = (
				395ED48221CA3A2200386C24 /* LaunchScreen.storyboard in Resources */,
				395ED47F21CA3A2200386C24 /* Assets.xcassets in Resources */,
				395ED47D21CA3A1F00386C24 /* Main.storyboard in Resources */,
			);
			runOnlyForDeploymentPostprocessing = 0;
		};
		395ED48621CA3A2200386C24 /* Resources */ = {
			isa = PBXResourcesBuildPhase;
			buildActionMask = 2147483647;
			files = (
			);
			runOnlyForDeploymentPostprocessing = 0;
		};
		395ED49121CA3A2200386C24 /* Resources */ = {
			isa = PBXResourcesBuildPhase;
			buildActionMask = 2147483647;
			files = (
			);
			runOnlyForDeploymentPostprocessing = 0;
		};
/* End PBXResourcesBuildPhase section */

/* Begin PBXShellScriptBuildPhase section */
		35D92E484A73F014B186ADEC /* [CP] Check Pods Manifest.lock */ = {
			isa = PBXShellScriptBuildPhase;
			buildActionMask = 2147483647;
			files = (
			);
			inputPaths = (
				"${PODS_PODFILE_DIR_PATH}/Podfile.lock",
				"${PODS_ROOT}/Manifest.lock",
			);
			name = "[CP] Check Pods Manifest.lock";
			outputPaths = (
				"$(DERIVED_FILE_DIR)/Pods-qrpay-checkManifestLockResult.txt",
			);
			runOnlyForDeploymentPostprocessing = 0;
			shellPath = /bin/sh;
			shellScript = "diff \"${PODS_PODFILE_DIR_PATH}/Podfile.lock\" \"${PODS_ROOT}/Manifest.lock\" > /dev/null\nif [ $? != 0 ] ; then\n    # print error to STDERR\n    echo \"error: The sandbox is not in sync with the Podfile.lock. Run 'pod install' or update your CocoaPods installation.\" >&2\n    exit 1\nfi\n# This output is used by Xcode 'outputs' to avoid re-running this script phase.\necho \"SUCCESS\" > \"${SCRIPT_OUTPUT_FILE_0}\"\n";
			showEnvVarsInLog = 0;
		};
		B49FDAAB10D848F1976F7CC9 /* [CP] Embed Pods Frameworks */ = {
			isa = PBXShellScriptBuildPhase;
			buildActionMask = 2147483647;
			files = (
			);
			inputPaths = (
				"${SRCROOT}/Pods/Target Support Files/Pods-qrpay/Pods-qrpay-frameworks.sh",
				"${BUILT_PRODUCTS_DIR}/Alamofire/Alamofire.framework",
				"${BUILT_PRODUCTS_DIR}/SwiftyJSON/SwiftyJSON.framework",
			);
			name = "[CP] Embed Pods Frameworks";
			outputPaths = (
				"${TARGET_BUILD_DIR}/${FRAMEWORKS_FOLDER_PATH}/Alamofire.framework",
				"${TARGET_BUILD_DIR}/${FRAMEWORKS_FOLDER_PATH}/SwiftyJSON.framework",
			);
			runOnlyForDeploymentPostprocessing = 0;
			shellPath = /bin/sh;
			shellScript = "\"${SRCROOT}/Pods/Target Support Files/Pods-qrpay/Pods-qrpay-frameworks.sh\"\n";
			showEnvVarsInLog = 0;
		};
		DB3C49A0C8541FF2E9870FE1 /* [CP] Check Pods Manifest.lock */ = {
			isa = PBXShellScriptBuildPhase;
			buildActionMask = 2147483647;
			files = (
			);
			inputPaths = (
				"${PODS_PODFILE_DIR_PATH}/Podfile.lock",
				"${PODS_ROOT}/Manifest.lock",
			);
			name = "[CP] Check Pods Manifest.lock";
			outputPaths = (
				"$(DERIVED_FILE_DIR)/Pods-qrpayUITests-checkManifestLockResult.txt",
			);
			runOnlyForDeploymentPostprocessing = 0;
			shellPath = /bin/sh;
			shellScript = "diff \"${PODS_PODFILE_DIR_PATH}/Podfile.lock\" \"${PODS_ROOT}/Manifest.lock\" > /dev/null\nif [ $? != 0 ] ; then\n    # print error to STDERR\n    echo \"error: The sandbox is not in sync with the Podfile.lock. Run 'pod install' or update your CocoaPods installation.\" >&2\n    exit 1\nfi\n# This output is used by Xcode 'outputs' to avoid re-running this script phase.\necho \"SUCCESS\" > \"${SCRIPT_OUTPUT_FILE_0}\"\n";
			showEnvVarsInLog = 0;
		};
		E437824169492F4E91D20724 /* [CP] Check Pods Manifest.lock */ = {
			isa = PBXShellScriptBuildPhase;
			buildActionMask = 2147483647;
			files = (
			);
			inputPaths = (
				"${PODS_PODFILE_DIR_PATH}/Podfile.lock",
				"${PODS_ROOT}/Manifest.lock",
			);
			name = "[CP] Check Pods Manifest.lock";
			outputPaths = (
				"$(DERIVED_FILE_DIR)/Pods-qrpayTests-checkManifestLockResult.txt",
			);
			runOnlyForDeploymentPostprocessing = 0;
			shellPath = /bin/sh;
			shellScript = "diff \"${PODS_PODFILE_DIR_PATH}/Podfile.lock\" \"${PODS_ROOT}/Manifest.lock\" > /dev/null\nif [ $? != 0 ] ; then\n    # print error to STDERR\n    echo \"error: The sandbox is not in sync with the Podfile.lock. Run 'pod install' or update your CocoaPods installation.\" >&2\n    exit 1\nfi\n# This output is used by Xcode 'outputs' to avoid re-running this script phase.\necho \"SUCCESS\" > \"${SCRIPT_OUTPUT_FILE_0}\"\n";
			showEnvVarsInLog = 0;
		};
/* End PBXShellScriptBuildPhase section */

/* Begin PBXSourcesBuildPhase section */
		395ED47021CA3A1F00386C24 /* Sources */ = {
			isa = PBXSourcesBuildPhase;
			buildActionMask = 2147483647;
			files = (
				392C381821CD008E009765F2 /* User_Credentials.swift in Sources */,
				399528E421D222E8008CF805 /* SignUpViewController.swift in Sources */,
				395ED4A621CA3A6A00386C24 /* LoginViewController.swift in Sources */,
				395ED47A21CA3A1F00386C24 /* ViewController.swift in Sources */,
				399528E221D21857008CF805 /* User_Order_Info.swift in Sources */,
				395ED47821CA3A1F00386C24 /* AppDelegate.swift in Sources */,
				39280F7321CCC513008175E5 /* QRViewController.swift in Sources */,
			);
			runOnlyForDeploymentPostprocessing = 0;
		};
		395ED48421CA3A2200386C24 /* Sources */ = {
			isa = PBXSourcesBuildPhase;
			buildActionMask = 2147483647;
			files = (
				395ED48D21CA3A2200386C24 /* qrpayTests.swift in Sources */,
			);
			runOnlyForDeploymentPostprocessing = 0;
		};
		395ED48F21CA3A2200386C24 /* Sources */ = {
			isa = PBXSourcesBuildPhase;
			buildActionMask = 2147483647;
			files = (
				395ED49821CA3A2200386C24 /* qrpayUITests.swift in Sources */,
			);
			runOnlyForDeploymentPostprocessing = 0;
		};
/* End PBXSourcesBuildPhase section */

/* Begin PBXTargetDependency section */
		395ED48A21CA3A2200386C24 /* PBXTargetDependency */ = {
			isa = PBXTargetDependency;
			target = 395ED47321CA3A1F00386C24 /* qrpay */;
			targetProxy = 395ED48921CA3A2200386C24 /* PBXContainerItemProxy */;
		};
		395ED49521CA3A2200386C24 /* PBXTargetDependency */ = {
			isa = PBXTargetDependency;
			target = 395ED47321CA3A1F00386C24 /* qrpay */;
			targetProxy = 395ED49421CA3A2200386C24 /* PBXContainerItemProxy */;
		};
/* End PBXTargetDependency section */

/* Begin PBXVariantGroup section */
		395ED47B21CA3A1F00386C24 /* Main.storyboard */ = {
			isa = PBXVariantGroup;
			children = (
				395ED47C21CA3A1F00386C24 /* Base */,
			);
			name = Main.storyboard;
			sourceTree = "<group>";
		};
		395ED48021CA3A2200386C24 /* LaunchScreen.storyboard */ = {
			isa = PBXVariantGroup;
			children = (
				395ED48121CA3A2200386C24 /* Base */,
			);
			name = LaunchScreen.storyboard;
			sourceTree = "<group>";
		};
/* End PBXVariantGroup section */

/* Begin XCBuildConfiguration section */
		395ED49A21CA3A2200386C24 /* Debug */ = {
			isa = XCBuildConfiguration;
			buildSettings = {
				ALWAYS_SEARCH_USER_PATHS = NO;
				CLANG_ANALYZER_NONNULL = YES;
				CLANG_ANALYZER_NUMBER_OBJECT_CONVERSION = YES_AGGRESSIVE;
				CLANG_CXX_LANGUAGE_STANDARD = "gnu++14";
				CLANG_CXX_LIBRARY = "libc++";
				CLANG_ENABLE_MODULES = YES;
				CLANG_ENABLE_OBJC_ARC = YES;
				CLANG_ENABLE_OBJC_WEAK = YES;
				CLANG_WARN_BLOCK_CAPTURE_AUTORELEASING = YES;
				CLANG_WARN_BOOL_CONVERSION = YES;
				CLANG_WARN_COMMA = YES;
				CLANG_WARN_CONSTANT_CONVERSION = YES;
				CLANG_WARN_DEPRECATED_OBJC_IMPLEMENTATIONS = YES;
				CLANG_WARN_DIRECT_OBJC_ISA_USAGE = YES_ERROR;
				CLANG_WARN_DOCUMENTATION_COMMENTS = YES;
				CLANG_WARN_EMPTY_BODY = YES;
				CLANG_WARN_ENUM_CONVERSION = YES;
				CLANG_WARN_INFINITE_RECURSION = YES;
				CLANG_WARN_INT_CONVERSION = YES;
				CLANG_WARN_NON_LITERAL_NULL_CONVERSION = YES;
				CLANG_WARN_OBJC_IMPLICIT_RETAIN_SELF = YES;
				CLANG_WARN_OBJC_LITERAL_CONVERSION = YES;
				CLANG_WARN_OBJC_ROOT_CLASS = YES_ERROR;
				CLANG_WARN_RANGE_LOOP_ANALYSIS = YES;
				CLANG_WARN_STRICT_PROTOTYPES = YES;
				CLANG_WARN_SUSPICIOUS_MOVE = YES;
				CLANG_WARN_UNGUARDED_AVAILABILITY = YES_AGGRESSIVE;
				CLANG_WARN_UNREACHABLE_CODE = YES;
				CLANG_WARN__DUPLICATE_METHOD_MATCH = YES;
				CODE_SIGN_IDENTITY = "iPhone Developer";
				COPY_PHASE_STRIP = NO;
				DEBUG_INFORMATION_FORMAT = dwarf;
				ENABLE_STRICT_OBJC_MSGSEND = YES;
				ENABLE_TESTABILITY = YES;
				GCC_C_LANGUAGE_STANDARD = gnu11;
				GCC_DYNAMIC_NO_PIC = NO;
				GCC_NO_COMMON_BLOCKS = YES;
				GCC_OPTIMIZATION_LEVEL = 0;
				GCC_PREPROCESSOR_DEFINITIONS = (
					"DEBUG=1",
					"$(inherited)",
				);
				GCC_WARN_64_TO_32_BIT_CONVERSION = YES;
				GCC_WARN_ABOUT_RETURN_TYPE = YES_ERROR;
				GCC_WARN_UNDECLARED_SELECTOR = YES;
				GCC_WARN_UNINITIALIZED_AUTOS = YES_AGGRESSIVE;
				GCC_WARN_UNUSED_FUNCTION = YES;
				GCC_WARN_UNUSED_VARIABLE = YES;
				IPHONEOS_DEPLOYMENT_TARGET = 11.4;
				MTL_ENABLE_DEBUG_INFO = YES;
				ONLY_ACTIVE_ARCH = YES;
				SDKROOT = iphoneos;
				SWIFT_ACTIVE_COMPILATION_CONDITIONS = DEBUG;
				SWIFT_OPTIMIZATION_LEVEL = "-Onone";
			};
			name = Debug;
		};
		395ED49B21CA3A2200386C24 /* Release */ = {
			isa = XCBuildConfiguration;
			buildSettings = {
				ALWAYS_SEARCH_USER_PATHS = NO;
				CLANG_ANALYZER_NONNULL = YES;
				CLANG_ANALYZER_NUMBER_OBJECT_CONVERSION = YES_AGGRESSIVE;
				CLANG_CXX_LANGUAGE_STANDARD = "gnu++14";
				CLANG_CXX_LIBRARY = "libc++";
				CLANG_ENABLE_MODULES = YES;
				CLANG_ENABLE_OBJC_ARC = YES;
				CLANG_ENABLE_OBJC_WEAK = YES;
				CLANG_WARN_BLOCK_CAPTURE_AUTORELEASING = YES;
				CLANG_WARN_BOOL_CONVERSION = YES;
				CLANG_WARN_COMMA = YES;
				CLANG_WARN_CONSTANT_CONVERSION = YES;
				CLANG_WARN_DEPRECATED_OBJC_IMPLEMENTATIONS = YES;
				CLANG_WARN_DIRECT_OBJC_ISA_USAGE = YES_ERROR;
				CLANG_WARN_DOCUMENTATION_COMMENTS = YES;
				CLANG_WARN_EMPTY_BODY = YES;
				CLANG_WARN_ENUM_CONVERSION = YES;
				CLANG_WARN_INFINITE_RECURSION = YES;
				CLANG_WARN_INT_CONVERSION = YES;
				CLANG_WARN_NON_LITERAL_NULL_CONVERSION = YES;
				CLANG_WARN_OBJC_IMPLICIT_RETAIN_SELF = YES;
				CLANG_WARN_OBJC_LITERAL_CONVERSION = YES;
				CLANG_WARN_OBJC_ROOT_CLASS = YES_ERROR;
				CLANG_WARN_RANGE_LOOP_ANALYSIS = YES;
				CLANG_WARN_STRICT_PROTOTYPES = YES;
				CLANG_WARN_SUSPICIOUS_MOVE = YES;
				CLANG_WARN_UNGUARDED_AVAILABILITY = YES_AGGRESSIVE;
				CLANG_WARN_UNREACHABLE_CODE = YES;
				CLANG_WARN__DUPLICATE_METHOD_MATCH = YES;
				CODE_SIGN_IDENTITY = "iPhone Developer";
				COPY_PHASE_STRIP = NO;
				DEBUG_INFORMATION_FORMAT = "dwarf-with-dsym";
				ENABLE_NS_ASSERTIONS = NO;
				ENABLE_STRICT_OBJC_MSGSEND = YES;
				GCC_C_LANGUAGE_STANDARD = gnu11;
				GCC_NO_COMMON_BLOCKS = YES;
				GCC_WARN_64_TO_32_BIT_CONVERSION = YES;
				GCC_WARN_ABOUT_RETURN_TYPE = YES_ERROR;
				GCC_WARN_UNDECLARED_SELECTOR = YES;
				GCC_WARN_UNINITIALIZED_AUTOS = YES_AGGRESSIVE;
				GCC_WARN_UNUSED_FUNCTION = YES;
				GCC_WARN_UNUSED_VARIABLE = YES;
				IPHONEOS_DEPLOYMENT_TARGET = 11.4;
				MTL_ENABLE_DEBUG_INFO = NO;
				SDKROOT = iphoneos;
				SWIFT_COMPILATION_MODE = wholemodule;
				SWIFT_OPTIMIZATION_LEVEL = "-O";
				VALIDATE_PRODUCT = YES;
			};
			name = Release;
		};
		395ED49D21CA3A2200386C24 /* Debug */ = {
			isa = XCBuildConfiguration;
			baseConfigurationReference = 9FE8FED6B18D92A48B0FEB51 /* Pods-qrpay.debug.xcconfig */;
			buildSettings = {
				ASSETCATALOG_COMPILER_APPICON_NAME = AppIcon;
				CODE_SIGN_STYLE = Automatic;
				DEVELOPMENT_TEAM = A4G25QJY7H;
				INFOPLIST_FILE = qrpay/Info.plist;
				LD_RUNPATH_SEARCH_PATHS = (
					"$(inherited)",
					"@executable_path/Frameworks",
				);
				PRODUCT_BUNDLE_IDENTIFIER = qrpay.qrpay;
				PRODUCT_NAME = "$(TARGET_NAME)";
				SWIFT_VERSION = 4.0;
				TARGETED_DEVICE_FAMILY = "1,2";
			};
			name = Debug;
		};
		395ED49E21CA3A2200386C24 /* Release */ = {
			isa = XCBuildConfiguration;
			baseConfigurationReference = F902B4C133E430290AA25B5B /* Pods-qrpay.release.xcconfig */;
			buildSettings = {
				ASSETCATALOG_COMPILER_APPICON_NAME = AppIcon;
				CODE_SIGN_STYLE = Automatic;
				DEVELOPMENT_TEAM = A4G25QJY7H;
				INFOPLIST_FILE = qrpay/Info.plist;
				LD_RUNPATH_SEARCH_PATHS = (
					"$(inherited)",
					"@executable_path/Frameworks",
				);
				PRODUCT_BUNDLE_IDENTIFIER = qrpay.qrpay;
				PRODUCT_NAME = "$(TARGET_NAME)";
				SWIFT_VERSION = 4.0;
				TARGETED_DEVICE_FAMILY = "1,2";
			};
			name = Release;
		};
		395ED4A021CA3A2200386C24 /* Debug */ = {
			isa = XCBuildConfiguration;
			baseConfigurationReference = 495AA411E5F4654E93FFC729 /* Pods-qrpayTests.debug.xcconfig */;
			buildSettings = {
				ALWAYS_EMBED_SWIFT_STANDARD_LIBRARIES = YES;
				BUNDLE_LOADER = "$(TEST_HOST)";
				CODE_SIGN_STYLE = Automatic;
				INFOPLIST_FILE = qrpayTests/Info.plist;
				LD_RUNPATH_SEARCH_PATHS = (
					"$(inherited)",
					"@executable_path/Frameworks",
					"@loader_path/Frameworks",
				);
				PRODUCT_BUNDLE_IDENTIFIER = qrpay.qrpayTests;
				PRODUCT_NAME = "$(TARGET_NAME)";
				SWIFT_VERSION = 4.0;
				TARGETED_DEVICE_FAMILY = "1,2";
				TEST_HOST = "$(BUILT_PRODUCTS_DIR)/qrpay.app/qrpay";
			};
			name = Debug;
		};
		395ED4A121CA3A2200386C24 /* Release */ = {
			isa = XCBuildConfiguration;
			baseConfigurationReference = 52169E09EF21CF7DC57A5804 /* Pods-qrpayTests.release.xcconfig */;
			buildSettings = {
				ALWAYS_EMBED_SWIFT_STANDARD_LIBRARIES = YES;
				BUNDLE_LOADER = "$(TEST_HOST)";
				CODE_SIGN_STYLE = Automatic;
				INFOPLIST_FILE = qrpayTests/Info.plist;
				LD_RUNPATH_SEARCH_PATHS = (
					"$(inherited)",
					"@executable_path/Frameworks",
					"@loader_path/Frameworks",
				);
				PRODUCT_BUNDLE_IDENTIFIER = qrpay.qrpayTests;
				PRODUCT_NAME = "$(TARGET_NAME)";
				SWIFT_VERSION = 4.0;
				TARGETED_DEVICE_FAMILY = "1,2";
				TEST_HOST = "$(BUILT_PRODUCTS_DIR)/qrpay.app/qrpay";
			};
			name = Release;
		};
		395ED4A321CA3A2200386C24 /* Debug */ = {
			isa = XCBuildConfiguration;
			baseConfigurationReference = 24A427AD7E28F5E62536B2CA /* Pods-qrpayUITests.debug.xcconfig */;
			buildSettings = {
				ALWAYS_EMBED_SWIFT_STANDARD_LIBRARIES = YES;
				CODE_SIGN_STYLE = Automatic;
				INFOPLIST_FILE = qrpayUITests/Info.plist;
				LD_RUNPATH_SEARCH_PATHS = (
					"$(inherited)",
					"@executable_path/Frameworks",
					"@loader_path/Frameworks",
				);
				PRODUCT_BUNDLE_IDENTIFIER = qrpay.qrpayUITests;
				PRODUCT_NAME = "$(TARGET_NAME)";
				SWIFT_VERSION = 4.0;
				TARGETED_DEVICE_FAMILY = "1,2";
				TEST_TARGET_NAME = qrpay;
			};
			name = Debug;
		};
		395ED4A421CA3A2200386C24 /* Release */ = {
			isa = XCBuildConfiguration;
			baseConfigurationReference = 277B4BFD034BE583A5E5BC20 /* Pods-qrpayUITests.release.xcconfig */;
			buildSettings = {
				ALWAYS_EMBED_SWIFT_STANDARD_LIBRARIES = YES;
				CODE_SIGN_STYLE = Automatic;
				INFOPLIST_FILE = qrpayUITests/Info.plist;
				LD_RUNPATH_SEARCH_PATHS = (
					"$(inherited)",
					"@executable_path/Frameworks",
					"@loader_path/Frameworks",
				);
				PRODUCT_BUNDLE_IDENTIFIER = qrpay.qrpayUITests;
				PRODUCT_NAME = "$(TARGET_NAME)";
				SWIFT_VERSION = 4.0;
				TARGETED_DEVICE_FAMILY = "1,2";
				TEST_TARGET_NAME = qrpay;
			};
			name = Release;
		};
/* End XCBuildConfiguration section */

/* Begin XCConfigurationList section */
		395ED46F21CA3A1F00386C24 /* Build configuration list for PBXProject "qrpay" */ = {
			isa = XCConfigurationList;
			buildConfigurations = (
				395ED49A21CA3A2200386C24 /* Debug */,
				395ED49B21CA3A2200386C24 /* Release */,
			);
			defaultConfigurationIsVisible = 0;
			defaultConfigurationName = Release;
		};
		395ED49C21CA3A2200386C24 /* Build configuration list for PBXNativeTarget "qrpay" */ = {
			isa = XCConfigurationList;
			buildConfigurations = (
				395ED49D21CA3A2200386C24 /* Debug */,
				395ED49E21CA3A2200386C24 /* Release */,
			);
			defaultConfigurationIsVisible = 0;
			defaultConfigurationName = Release;
		};
		395ED49F21CA3A2200386C24 /* Build configuration list for PBXNativeTarget "qrpayTests" */ = {
			isa = XCConfigurationList;
			buildConfigurations = (
				395ED4A021CA3A2200386C24 /* Debug */,
				395ED4A121CA3A2200386C24 /* Release */,
			);
			defaultConfigurationIsVisible = 0;
			defaultConfigurationName = Release;
		};
		395ED4A221CA3A2200386C24 /* Build configuration list for PBXNativeTarget "qrpayUITests" */ = {
			isa = XCConfigurationList;
			buildConfigurations = (
				395ED4A321CA3A2200386C24 /* Debug */,
				395ED4A421CA3A2200386C24 /* Release */,
			);
			defaultConfigurationIsVisible = 0;
			defaultConfigurationName = Release;
		};
/* End XCConfigurationList section */
	};
	rootObject = 395ED46C21CA3A1F00386C24 /* Project object */;
}
